
Microsoft Visual Studio Solution File, Format Version 12.00
# Visual Studio Version 16
VisualStudioVersion = 16.0.30907.101
MinimumVisualStudioVersion = 10.0.40219.1
Project("{9A19103F-16F7-4668-BE54-9A1E7A4F7556}") = "ProxyApi", "ProxyApi\ProxyApi.csproj", "{08359815-3BCC-4BAD-82F7-63FF0CE0B233}"
EndProject
Project("{FAE04EC0-301F-11D3-BF4B-00C04F79EFBC}") = "ProxyApiTest", "ProxyApiTest\ProxyApiTest.csproj", "{156696F7-FEEA-4BC1-93E2-1027777A4FAD}"
EndProject
Global
	GlobalSection(SolutionConfigurationPlatforms) = preSolution
		Debug|Any CPU = Debug|Any CPU
		Release|Any CPU = Release|Any CPU
	EndGlobalSection
	GlobalSection(ProjectConfigurationPlatforms) = postSolution
		{08359815-3BCC-4BAD-82F7-63FF0CE0B233}.Debug|Any CPU.ActiveCfg = Debug|Any CPU
		{08359815-3BCC-4BAD-82F7-63FF0CE0B233}.Debug|Any CPU.Build.0 = Debug|Any CPU
		{08359815-3BCC-4BAD-82F7-63FF0CE0B233}.Release|Any CPU.ActiveCfg = Release|Any CPU
		{08359815-3BCC-4BAD-82F7-63FF0CE0B233}.Release|Any CPU.Build.0 = Release|Any CPU
		{156696F7-FEEA-4BC1-93E2-1027777A4FAD}.Debug|Any CPU.ActiveCfg = Debug|Any CPU
		{156696F7-FEEA-4BC1-93E2-1027777A4FAD}.Debug|Any CPU.Build.0 = Debug|Any CPU
		{156696F7-FEEA-4BC1-93E2-1027777A4FAD}.Release|Any CPU.ActiveCfg = Release|Any CPU
		{156696F7-FEEA-4BC1-93E2-1027777A4FAD}.Release|Any CPU.Build.0 = Release|Any CPU
	EndGlobalSection
	GlobalSection(SolutionProperties) = preSolution
		HideSolutionNode = FALSE
	EndGlobalSection
	GlobalSection(ExtensibilityGlobals) = postSolution
		SolutionGuid = {2C99722B-3BF2-4613-B39A-5420BC482A09}
	EndGlobalSection
EndGlobal
